// !$*UTF8*$!
{
	archiveVersion = 1;
	classes = {
	};
	objectVersion = 77;
	objects = {

/* Begin PBXBuildFile section */
		04B53E238C721FEB09815EA5 /* Chess98App.swift in Sources */ = {isa = PBXBuildFile; fileRef = 2F5711DBB76352BFA16394AA /* Chess98App.swift */; };
		08AF770DB468B3C88F1A5677 /* ChessKitEngine in Frameworks */ = {isa = PBXBuildFile; productRef = 04BB05D27572E81AE3E013B3 /* ChessKitEngine */; };
		4B3DBFEA62CD54CE6F10329A /* Assets.xcassets in Resources */ = {isa = PBXBuildFile; fileRef = F43191194979C63F7BCC673B /* Assets.xcassets */; };
		633019BB67DAF95A0761A42B /* ContentView.swift in Sources */ = {isa = PBXBuildFile; fileRef = 83FE9C8DB89218539C96062C /* ContentView.swift */; };
		968751DF626974F1A6D3860A /* ChessKit in Frameworks */ = {isa = PBXBuildFile; productRef = 542ED04C175EA49A108C53B8 /* ChessKit */; };
		ECDFF9EBF2F239C715D7D9FA /* Chess98Tests.swift in Sources */ = {isa = PBXBuildFile; fileRef = 55565E6726A6676BA82D0508 /* Chess98Tests.swift */; };
/* End PBXBuildFile section */

/* Begin PBXContainerItemProxy section */
		7BD49BA5EBA51070BCDA99CB /* PBXContainerItemProxy */ = {
			isa = PBXContainerItemProxy;
			containerPortal = 2C9BF94A768D2D0D52AB9443 /* Project object */;
			proxyType = 1;
			remoteGlobalIDString = 34894DDFE51685C2045D652A;
			remoteInfo = Chess98;
		};
/* End PBXContainerItemProxy section */

/* Begin PBXFileReference section */
		2F5711DBB76352BFA16394AA /* Chess98App.swift */ = {isa = PBXFileReference; lastKnownFileType = sourcecode.swift; path = Chess98App.swift; sourceTree = "<group>"; };
		55565E6726A6676BA82D0508 /* Chess98Tests.swift */ = {isa = PBXFileReference; lastKnownFileType = sourcecode.swift; path = Chess98Tests.swift; sourceTree = "<group>"; };
		7996A7ED3B777EB4848DEB48 /* Chess98Tests.xctest */ = {isa = PBXFileReference; includeInIndex = 0; lastKnownFileType = wrapper.cfbundle; path = Chess98Tests.xctest; sourceTree = BUILT_PRODUCTS_DIR; };
		83FE9C8DB89218539C96062C /* ContentView.swift */ = {isa = PBXFileReference; lastKnownFileType = sourcecode.swift; path = ContentView.swift; sourceTree = "<group>"; };
		925B2B30403D242C4C74BAB1 /* Chess98.app */ = {isa = PBXFileReference; includeInIndex = 0; lastKnownFileType = wrapper.application; path = Chess98.app; sourceTree = BUILT_PRODUCTS_DIR; };
		F43191194979C63F7BCC673B /* Assets.xcassets */ = {isa = PBXFileReference; lastKnownFileType = folder.assetcatalog; path = Assets.xcassets; sourceTree = "<group>"; };
/* End PBXFileReference section */

/* Begin PBXFrameworksBuildPhase section */
		A4B5D30E085C1ADFD9CF7E2D /* Frameworks */ = {
			isa = PBXFrameworksBuildPhase;
			buildActionMask = 2147483647;
			files = (
				968751DF626974F1A6D3860A /* ChessKit in Frameworks */,
				08AF770DB468B3C88F1A5677 /* ChessKitEngine in Frameworks */,
			);
			runOnlyForDeploymentPostprocessing = 0;
		};
/* End PBXFrameworksBuildPhase section */

/* Begin PBXGroup section */
		49E1958070EA5E81F4A96088 /* Resources */ = {
			isa = PBXGroup;
			children = (
				F43191194979C63F7BCC673B /* Assets.xcassets */,
			);
			path = Resources;
			sourceTree = "<group>";
		};
		8BD5B259C3A8F643B2FA9EA7 /* App */ = {
			isa = PBXGroup;
			children = (
				2F5711DBB76352BFA16394AA /* Chess98App.swift */,
				83FE9C8DB89218539C96062C /* ContentView.swift */,
			);
			path = App;
			sourceTree = "<group>";
		};
		AAB8DAC78840FF8499BD738F /* Chess98Tests */ = {
			isa = PBXGroup;
			children = (
				55565E6726A6676BA82D0508 /* Chess98Tests.swift */,
			);
			path = Chess98Tests;
			sourceTree = "<group>";
		};
		B1F2D6BEBF25A8B36999E22E /* Chess98 */ = {
			isa = PBXGroup;
			children = (
				8BD5B259C3A8F643B2FA9EA7 /* App */,
				49E1958070EA5E81F4A96088 /* Resources */,
			);
			path = Chess98;
			sourceTree = "<group>";
		};
		B3FB7A0D9A93B5F6AFE9876C /* Products */ = {
			isa = PBXGroup;
			children = (
				925B2B30403D242C4C74BAB1 /* Chess98.app */,
				7996A7ED3B777EB4848DEB48 /* Chess98Tests.xctest */,
			);
			name = Products;
			sourceTree = "<group>";
		};
		FDCF79A46163AFE86787C814 = {
			isa = PBXGroup;
			children = (
				B1F2D6BEBF25A8B36999E22E /* Chess98 */,
				AAB8DAC78840FF8499BD738F /* Chess98Tests */,
				B3FB7A0D9A93B5F6AFE9876C /* Products */,
			);
			sourceTree = "<group>";
		};
/* End PBXGroup section */

/* Begin PBXNativeTarget section */
		34894DDFE51685C2045D652A /* Chess98 */ = {
			isa = PBXNativeTarget;
			buildConfigurationList = 5D34CFEE22492D36D3A625A3 /* Build configuration list for PBXNativeTarget "Chess98" */;
			buildPhases = (
				B78FE9DB80D904C19FF5F77B /* Sources */,
				CBBBB74C112238D842BF0FEE /* Resources */,
				A4B5D30E085C1ADFD9CF7E2D /* Frameworks */,
			);
			buildRules = (
			);
			dependencies = (
			);
			name = Chess98;
			packageProductDependencies = (
				542ED04C175EA49A108C53B8 /* ChessKit */,
				04BB05D27572E81AE3E013B3 /* ChessKitEngine */,
			);
			productName = Chess98;
			productReference = 925B2B30403D242C4C74BAB1 /* Chess98.app */;
			productType = "com.apple.product-type.application";
		};
		9EFE9E72C68A6C159149FC9D /* Chess98Tests */ = {
			isa = PBXNativeTarget;
			buildConfigurationList = 47B9D797F33031048C24C433 /* Build configuration list for PBXNativeTarget "Chess98Tests" */;
			buildPhases = (
				36816AFC93791A0ECA61C049 /* Sources */,
			);
			buildRules = (
			);
			dependencies = (
				739719273C78424EE1F6A9DE /* PBXTargetDependency */,
			);
			name = Chess98Tests;
			packageProductDependencies = (
			);
			productName = Chess98Tests;
			productReference = 7996A7ED3B777EB4848DEB48 /* Chess98Tests.xctest */;
			productType = "com.apple.product-type.bundle.unit-test";
		};
/* End PBXNativeTarget section */

/* Begin PBXProject section */
		2C9BF94A768D2D0D52AB9443 /* Project object */ = {
			isa = PBXProject;
			attributes = {
				BuildIndependentTargetsInParallel = YES;
				LastUpgradeCheck = 1600;
				TargetAttributes = {
					34894DDFE51685C2045D652A = {
						DevelopmentTeam = "";
						ProvisioningStyle = Automatic;
					};
					9EFE9E72C68A6C159149FC9D = {
						DevelopmentTeam = "";
						ProvisioningStyle = Automatic;
					};
				};
			};
			buildConfigurationList = 2DF1D576FA6297AC4F020379 /* Build configuration list for PBXProject "Chess98" */;
			developmentRegion = en;
			hasScannedForEncodings = 0;
			knownRegions = (
				Base,
				en,
			);
			mainGroup = FDCF79A46163AFE86787C814;
			minimizedProjectReferenceProxies = 1;
			packageReferences = (
				02707B18B8D2EBCFE9537B48 /* XCRemoteSwiftPackageReference "chesskit-swift" */,
				39F07CB938B932DA16B830A9 /* XCRemoteSwiftPackageReference "chesskit-engine" */,
			);
			preferredProjectObjectVersion = 77;
			productRefGroup = B3FB7A0D9A93B5F6AFE9876C /* Products */;
			projectDirPath = "";
			projectRoot = "";
			targets = (
				34894DDFE51685C2045D652A /* Chess98 */,
				9EFE9E72C68A6C159149FC9D /* Chess98Tests */,
			);
		};
/* End PBXProject section */

/* Begin PBXResourcesBuildPhase section */
		CBBBB74C112238D842BF0FEE /* Resources */ = {
			isa = PBXResourcesBuildPhase;
			buildActionMask = 2147483647;
			files = (
				4B3DBFEA62CD54CE6F10329A /* Assets.xcassets in Resources */,
			);
			runOnlyForDeploymentPostprocessing = 0;
		};
/* End PBXResourcesBuildPhase section */

/* Begin PBXSourcesBuildPhase section */
		36816AFC93791A0ECA61C049 /* Sources */ = {
			isa = PBXSourcesBuildPhase;
			buildActionMask = 2147483647;
			files = (
				ECDFF9EBF2F239C715D7D9FA /* Chess98Tests.swift in Sources */,
			);
			runOnlyForDeploymentPostprocessing = 0;
		};
		B78FE9DB80D904C19FF5F77B /* Sources */ = {
			isa = PBXSourcesBuildPhase;
			buildActionMask = 2147483647;
			files = (
				04B53E238C721FEB09815EA5 /* Chess98App.swift in Sources */,
				633019BB67DAF95A0761A42B /* ContentView.swift in Sources */,
			);
			runOnlyForDeploymentPostprocessing = 0;
		};
/* End PBXSourcesBuildPhase section */

/* Begin PBXTargetDependency section */
		739719273C78424EE1F6A9DE /* PBXTargetDependency */ = {
			isa = PBXTargetDependency;
			target = 34894DDFE51685C2045D652A /* Chess98 */;
			targetProxy = 7BD49BA5EBA51070BCDA99CB /* PBXContainerItemProxy */;
		};
/* End PBXTargetDependency section */

/* Begin XCBuildConfiguration section */
		6BF823659D9F108FCC39C7D4 /* Debug */ = {
			isa = XCBuildConfiguration;
			buildSettings = {
				BUNDLE_LOADER = "$(TEST_HOST)";
				GENERATE_INFOPLIST_FILE = YES;
				LD_RUNPATH_SEARCH_PATHS = (
					"$(inherited)",
					"@executable_path/Frameworks",
					"@loader_path/Frameworks",
				);
				PRODUCT_BUNDLE_IDENTIFIER = com.vibrolo.chess98.tests;
				SDKROOT = iphoneos;
				TARGETED_DEVICE_FAMILY = "1,2";
				TEST_HOST = "$(BUILT_PRODUCTS_DIR)/Chess98.app/Chess98";
			};
			name = Debug;
		};
		96C7089EA40A554036CFC4D9 /* Debug */ = {
			isa = XCBuildConfiguration;
			buildSettings = {
				ASSETCATALOG_COMPILER_APPICON_NAME = AppIcon;
				CODE_SIGN_IDENTITY = "iPhone Developer";
				GENERATE_INFOPLIST_FILE = YES;
				INFOPLIST_KEY_CFBundleDisplayName = "98 Chess";
				INFOPLIST_KEY_UIApplicationSceneManifest_Generation = YES;
				INFOPLIST_KEY_UILaunchScreen_Generation = YES;
				INFOPLIST_KEY_UISupportedInterfaceOrientations_iPad = "UIInterfaceOrientationPortrait UIInterfaceOrientationPortraitUpsideDown UIInterfaceOrientationLandscapeLeft UIInterfaceOrientationLandscapeRight";
				INFOPLIST_KEY_UISupportedInterfaceOrientations_iPhone = "UIInterfaceOrientationPortrait UIInterfaceOrientationLandscapeLeft UIInterfaceOrientationLandscapeRight";
				LD_RUNPATH_SEARCH_PATHS = (
					"$(inherited)",
					"@executable_path/Frameworks",
				);
				PRODUCT_BUNDLE_IDENTIFIER = com.vibrolo.chess98;
				SDKROOT = iphoneos;
				TARGETED_DEVICE_FAMILY = "1,2";
			};
			name = Debug;
		};
		B472D93A4738DC0708CE53A3 /* Release */ = {
			isa = XCBuildConfiguration;
			buildSettings = {
				BUNDLE_LOADER = "$(TEST_HOST)";
				GENERATE_INFOPLIST_FILE = YES;
				LD_RUNPATH_SEARCH_PATHS = (
					"$(inherited)",
					"@executable_path/Frameworks",
					"@loader_path/Frameworks",
				);
				PRODUCT_BUNDLE_IDENTIFIER = com.vibrolo.chess98.tests;
				SDKROOT = iphoneos;
				TARGETED_DEVICE_FAMILY = "1,2";
				TEST_HOST = "$(BUILT_PRODUCTS_DIR)/Chess98.app/Chess98";
			};
			name = Release;
		};
		BBD291BEA5C1016FB621C38A /* Release */ = {
			isa = XCBuildConfiguration;
			buildSettings = {
				ALWAYS_SEARCH_USER_PATHS = NO;
				CLANG_ANALYZER_NONNULL = YES;
				CLANG_ANALYZER_NUMBER_OBJECT_CONVERSION = YES_AGGRESSIVE;
				CLANG_CXX_LANGUAGE_STANDARD = "gnu++14";
				CLANG_CXX_LIBRARY = "libc++";
				CLANG_ENABLE_MODULES = YES;
				CLANG_ENABLE_OBJC_ARC = YES;
				CLANG_ENABLE_OBJC_WEAK = YES;
				CLANG_WARN_BLOCK_CAPTURE_AUTORELEASING = YES;
				CLANG_WARN_BOOL_CONVERSION = YES;
				CLANG_WARN_COMMA = YES;
				CLANG_WARN_CONSTANT_CONVERSION = YES;
				CLANG_WARN_DEPRECATED_OBJC_IMPLEMENTATIONS = YES;
				CLANG_WARN_DIRECT_OBJC_ISA_USAGE = YES_ERROR;
				CLANG_WARN_DOCUMENTATION_COMMENTS = YES;
				CLANG_WARN_EMPTY_BODY = YES;
				CLANG_WARN_ENUM_CONVERSION = YES;
				CLANG_WARN_INFINITE_RECURSION = YES;
				CLANG_WARN_INT_CONVERSION = YES;
				CLANG_WARN_NON_LITERAL_NULL_CONVERSION = YES;
				CLANG_WARN_OBJC_IMPLICIT_RETAIN_SELF = YES;
				CLANG_WARN_OBJC_LITERAL_CONVERSION = YES;
				CLANG_WARN_OBJC_ROOT_CLASS = YES_ERROR;
				CLANG_WARN_QUOTED_INCLUDE_IN_FRAMEWORK_HEADER = YES;
				CLANG_WARN_RANGE_LOOP_ANALYSIS = YES;
				CLANG_WARN_STRICT_PROTOTYPES = YES;
				CLANG_WARN_SUSPICIOUS_MOVE = YES;
				CLANG_WARN_UNGUARDED_AVAILABILITY = YES_AGGRESSIVE;
				CLANG_WARN_UNREACHABLE_CODE = YES;
				CLANG_WARN__DUPLICATE_METHOD_MATCH = YES;
				CODE_SIGN_STYLE = Automatic;
				COPY_PHASE_STRIP = NO;
				CURRENT_PROJECT_VERSION = 1;
				DEBUG_INFORMATION_FORMAT = "dwarf-with-dsym";
				DEVELOPMENT_TEAM = "";
				ENABLE_NS_ASSERTIONS = NO;
				ENABLE_STRICT_OBJC_MSGSEND = YES;
				ENABLE_USER_SCRIPT_SANDBOXING = YES;
				GCC_C_LANGUAGE_STANDARD = gnu11;
				GCC_NO_COMMON_BLOCKS = YES;
				GCC_WARN_64_TO_32_BIT_CONVERSION = YES;
				GCC_WARN_ABOUT_RETURN_TYPE = YES_ERROR;
				GCC_WARN_UNDECLARED_SELECTOR = YES;
				GCC_WARN_UNINITIALIZED_AUTOS = YES_AGGRESSIVE;
				GCC_WARN_UNUSED_FUNCTION = YES;
				GCC_WARN_UNUSED_VARIABLE = YES;
				IPHONEOS_DEPLOYMENT_TARGET = 17.0;
				MARKETING_VERSION = 0.1.0;
				MTL_ENABLE_DEBUG_INFO = NO;
				MTL_FAST_MATH = YES;
				PRODUCT_NAME = "$(TARGET_NAME)";
				SDKROOT = iphoneos;
				SWIFT_COMPILATION_MODE = wholemodule;
				SWIFT_OPTIMIZATION_LEVEL = "-O";
				SWIFT_VERSION = 5;
			};
			name = Release;
		};
		DFD1CFDE2B7DBFC0EAC2DD9C /* Debug */ = {
			isa = XCBuildConfiguration;
			buildSettings = {
				ALWAYS_SEARCH_USER_PATHS = NO;
				CLANG_ANALYZER_NONNULL = YES;
				CLANG_ANALYZER_NUMBER_OBJECT_CONVERSION = YES_AGGRESSIVE;
				CLANG_CXX_LANGUAGE_STANDARD = "gnu++14";
				CLANG_CXX_LIBRARY = "libc++";
				CLANG_ENABLE_MODULES = YES;
				CLANG_ENABLE_OBJC_ARC = YES;
				CLANG_ENABLE_OBJC_WEAK = YES;
				CLANG_WARN_BLOCK_CAPTURE_AUTORELEASING = YES;
				CLANG_WARN_BOOL_CONVERSION = YES;
				CLANG_WARN_COMMA = YES;
				CLANG_WARN_CONSTANT_CONVERSION = YES;
				CLANG_WARN_DEPRECATED_OBJC_IMPLEMENTATIONS = YES;
				CLANG_WARN_DIRECT_OBJC_ISA_USAGE = YES_ERROR;
				CLANG_WARN_DOCUMENTATION_COMMENTS = YES;
				CLANG_WARN_EMPTY_BODY = YES;
				CLANG_WARN_ENUM_CONVERSION = YES;
				CLANG_WARN_INFINITE_RECURSION = YES;
				CLANG_WARN_INT_CONVERSION = YES;
				CLANG_WARN_NON_LITERAL_NULL_CONVERSION = YES;
				CLANG_WARN_OBJC_IMPLICIT_RETAIN_SELF = YES;
				CLANG_WARN_OBJC_LITERAL_CONVERSION = YES;
				CLANG_WARN_OBJC_ROOT_CLASS = YES_ERROR;
				CLANG_WARN_QUOTED_INCLUDE_IN_FRAMEWORK_HEADER = YES;
				CLANG_WARN_RANGE_LOOP_ANALYSIS = YES;
				CLANG_WARN_STRICT_PROTOTYPES = YES;
				CLANG_WARN_SUSPICIOUS_MOVE = YES;
				CLANG_WARN_UNGUARDED_AVAILABILITY = YES_AGGRESSIVE;
				CLANG_WARN_UNREACHABLE_CODE = YES;
				CLANG_WARN__DUPLICATE_METHOD_MATCH = YES;
				CODE_SIGN_STYLE = Automatic;
				COPY_PHASE_STRIP = NO;
				CURRENT_PROJECT_VERSION = 1;
				DEBUG_INFORMATION_FORMAT = dwarf;
				DEVELOPMENT_TEAM = "";
				ENABLE_STRICT_OBJC_MSGSEND = YES;
				ENABLE_TESTABILITY = YES;
				ENABLE_USER_SCRIPT_SANDBOXING = YES;
				GCC_C_LANGUAGE_STANDARD = gnu11;
				GCC_DYNAMIC_NO_PIC = NO;
				GCC_NO_COMMON_BLOCKS = YES;
				GCC_OPTIMIZATION_LEVEL = 0;
				GCC_PREPROCESSOR_DEFINITIONS = (
					"$(inherited)",
					"DEBUG=1",
				);
				GCC_WARN_64_TO_32_BIT_CONVERSION = YES;
				GCC_WARN_ABOUT_RETURN_TYPE = YES_ERROR;
				GCC_WARN_UNDECLARED_SELECTOR = YES;
				GCC_WARN_UNINITIALIZED_AUTOS = YES_AGGRESSIVE;
				GCC_WARN_UNUSED_FUNCTION = YES;
				GCC_WARN_UNUSED_VARIABLE = YES;
				IPHONEOS_DEPLOYMENT_TARGET = 17.0;
				MARKETING_VERSION = 0.1.0;
				MTL_ENABLE_DEBUG_INFO = INCLUDE_SOURCE;
				MTL_FAST_MATH = YES;
				ONLY_ACTIVE_ARCH = YES;
				PRODUCT_NAME = "$(TARGET_NAME)";
				SDKROOT = iphoneos;
				SWIFT_ACTIVE_COMPILATION_CONDITIONS = DEBUG;
				SWIFT_OPTIMIZATION_LEVEL = "-Onone";
				SWIFT_VERSION = 5;
			};
			name = Debug;
		};
		FAAAFF55230712CF19FDC7C7 /* Release */ = {
			isa = XCBuildConfiguration;
			buildSettings = {
				ASSETCATALOG_COMPILER_APPICON_NAME = AppIcon;
				CODE_SIGN_IDENTITY = "iPhone Developer";
				GENERATE_INFOPLIST_FILE = YES;
				INFOPLIST_KEY_CFBundleDisplayName = "98 Chess";
				INFOPLIST_KEY_UIApplicationSceneManifest_Generation = YES;
				INFOPLIST_KEY_UILaunchScreen_Generation = YES;
				INFOPLIST_KEY_UISupportedInterfaceOrientations_iPad = "UIInterfaceOrientationPortrait UIInterfaceOrientationPortraitUpsideDown UIInterfaceOrientationLandscapeLeft UIInterfaceOrientationLandscapeRight";
				INFOPLIST_KEY_UISupportedInterfaceOrientations_iPhone = "UIInterfaceOrientationPortrait UIInterfaceOrientationLandscapeLeft UIInterfaceOrientationLandscapeRight";
				LD_RUNPATH_SEARCH_PATHS = (
					"$(inherited)",
					"@executable_path/Frameworks",
				);
				PRODUCT_BUNDLE_IDENTIFIER = com.vibrolo.chess98;
				SDKROOT = iphoneos;
				TARGETED_DEVICE_FAMILY = "1,2";
			};
			name = Release;
		};
/* End XCBuildConfiguration section */

/* Begin XCConfigurationList section */
		2DF1D576FA6297AC4F020379 /* Build configuration list for PBXProject "Chess98" */ = {
			isa = XCConfigurationList;
			buildConfigurations = (
				DFD1CFDE2B7DBFC0EAC2DD9C /* Debug */,
				BBD291BEA5C1016FB621C38A /* Release */,
			);
			defaultConfigurationIsVisible = 0;
			defaultConfigurationName = Debug;
		};
		47B9D797F33031048C24C433 /* Build configuration list for PBXNativeTarget "Chess98Tests" */ = {
			isa = XCConfigurationList;
			buildConfigurations = (
				6BF823659D9F108FCC39C7D4 /* Debug */,
				B472D93A4738DC0708CE53A3 /* Release */,
			);
			defaultConfigurationIsVisible = 0;
			defaultConfigurationName = Debug;
		};
		5D34CFEE22492D36D3A625A3 /* Build configuration list for PBXNativeTarget "Chess98" */ = {
			isa = XCConfigurationList;
			buildConfigurations = (
				96C7089EA40A554036CFC4D9 /* Debug */,
				FAAAFF55230712CF19FDC7C7 /* Release */,
			);
			defaultConfigurationIsVisible = 0;
			defaultConfigurationName = Debug;
		};
/* End XCConfigurationList section */

/* Begin XCRemoteSwiftPackageReference section */
		02707B18B8D2EBCFE9537B48 /* XCRemoteSwiftPackageReference "chesskit-swift" */ = {
			isa = XCRemoteSwiftPackageReference;
			repositoryURL = "https://github.com/chesskit-app/chesskit-swift";
			requirement = {
				kind = upToNextMajorVersion;
				minimumVersion = 0.17.0;
			};
		};
		39F07CB938B932DA16B830A9 /* XCRemoteSwiftPackageReference "chesskit-engine" */ = {
			isa = XCRemoteSwiftPackageReference;
			repositoryURL = "https://github.com/chesskit-app/chesskit-engine";
			requirement = {
				kind = upToNextMajorVersion;
				minimumVersion = 0.6.0;
			};
		};
/* End XCRemoteSwiftPackageReference section */

/* Begin XCSwiftPackageProductDependency section */
		04BB05D27572E81AE3E013B3 /* ChessKitEngine */ = {
			isa = XCSwiftPackageProductDependency;
			package = 39F07CB938B932DA16B830A9 /* XCRemoteSwiftPackageReference "chesskit-engine" */;
			productName = ChessKitEngine;
		};
		542ED04C175EA49A108C53B8 /* ChessKit */ = {
			isa = XCSwiftPackageProductDependency;
			package = 02707B18B8D2EBCFE9537B48 /* XCRemoteSwiftPackageReference "chesskit-swift" */;
			productName = ChessKit;
		};
/* End XCSwiftPackageProductDependency section */
	};
	rootObject = 2C9BF94A768D2D0D52AB9443 /* Project object */;
}
