// !$*UTF8*$!
{
	archiveVersion = 1;
	classes = {
	};
	objectVersion = 77;
	objects = {

/* Begin PBXBuildFile section */
		04B53E238C721FEB09815EA5 /* Chess98App.swift in Sources */ = {isa = PBXBuildFile; fileRef = 2F5711DBB76352BFA16394AA /* Chess98App.swift */; };
		0635F27EEFB9CC6ADB8AC52A /* PuzzleCatalog.swift in Sources */ = {isa = PBXBuildFile; fileRef = C1455EA87153510583C3129F /* PuzzleCatalog.swift */; };
		07B6A230024F80C1DD2856A3 /* nn-1111cefa1111.nnue in Resources */ = {isa = PBXBuildFile; fileRef = 0F036FE834677E44F64BD6BA /* nn-1111cefa1111.nnue */; };
		08AF770DB468B3C88F1A5677 /* ChessKitEngine in Frameworks */ = {isa = PBXBuildFile; productRef = 04BB05D27572E81AE3E013B3 /* ChessKitEngine */; };
		0DC84F480F62E53DB277FC0F /* StreakCalculator.swift in Sources */ = {isa = PBXBuildFile; fileRef = 1679B9FA230D3253A3799AF8 /* StreakCalculator.swift */; };
		20E667BE5AE7F28429B89ADA /* StockfishEngine.swift in Sources */ = {isa = PBXBuildFile; fileRef = FC59003F82B9E450AA6EF909 /* StockfishEngine.swift */; };
		2216D3D2BB673A2786F213F2 /* Win98Tokens.swift in Sources */ = {isa = PBXBuildFile; fileRef = E1AA98B04035321098E699C8 /* Win98Tokens.swift */; };
		29E2E48A6AC752B7367046AD /* StreakBadge.swift in Sources */ = {isa = PBXBuildFile; fileRef = CC8BDE0691D8238334322EB8 /* StreakBadge.swift */; };
		3ED070514C6F975045B1A871 /* XPCalculator.swift in Sources */ = {isa = PBXBuildFile; fileRef = 743FA83EE1E867EF42E995B8 /* XPCalculator.swift */; };
		4215FBDE47E3DB1D1DF02A8B /* Haptics.swift in Sources */ = {isa = PBXBuildFile; fileRef = 6857502A84D7EB0B2F1B090A /* Haptics.swift */; };
		477BC88CB34698123DA52E46 /* DailyPuzzleAttempt.swift in Sources */ = {isa = PBXBuildFile; fileRef = C23ED9CBAACA685E4E322D1F /* DailyPuzzleAttempt.swift */; };
		4B3DBFEA62CD54CE6F10329A /* Assets.xcassets in Resources */ = {isa = PBXBuildFile; fileRef = F43191194979C63F7BCC673B /* Assets.xcassets */; };
		501CCE82FB19E31BF5CF6258 /* Puzzles.json in Resources */ = {isa = PBXBuildFile; fileRef = 94E8090B982528E454C9431A /* Puzzles.json */; };
		52C499AD0892A6EB71BAE330 /* Difficulty.swift in Sources */ = {isa = PBXBuildFile; fileRef = D191A7315F2AA33B77404FE5 /* Difficulty.swift */; };
		5ECE26F0E17A752B17102E61 /* Achievement.swift in Sources */ = {isa = PBXBuildFile; fileRef = 2680ED08CBB66165DB57E176 /* Achievement.swift */; };
		633019BB67DAF95A0761A42B /* ContentView.swift in Sources */ = {isa = PBXBuildFile; fileRef = 83FE9C8DB89218539C96062C /* ContentView.swift */; };
		6378EA5CDD6FC7606AD4DB17 /* Win98MenuBar.swift in Sources */ = {isa = PBXBuildFile; fileRef = B1F764A2A69D55665F879CEA /* Win98MenuBar.swift */; };
		66CC1AD5F434A211021633B7 /* BoardView.swift in Sources */ = {isa = PBXBuildFile; fileRef = CF5A2B8B4ED83C614AE95621 /* BoardView.swift */; };
		69FC974E97E1989287BF7A4B /* Win98Bevel.swift in Sources */ = {isa = PBXBuildFile; fileRef = FA5DD8BE2D1A55FB20CB0910 /* Win98Bevel.swift */; };
		6AF3EE021DE1988D3E24CF3C /* SavedGame.swift in Sources */ = {isa = PBXBuildFile; fileRef = EFA3ECB4478ECEA159ADBA77 /* SavedGame.swift */; };
		6B9443EACF712CDB78EE8BA8 /* RetentionService.swift in Sources */ = {isa = PBXBuildFile; fileRef = E5C439F6A9383E497F3E7576 /* RetentionService.swift */; };
		6E21FDEFACBC73335580CD53 /* GameViewModelTests.swift in Sources */ = {isa = PBXBuildFile; fileRef = C0F2B04F941DE73BC067E903 /* GameViewModelTests.swift */; };
		710781F5A311B4B12A14476A /* AchievementsWindow.swift in Sources */ = {isa = PBXBuildFile; fileRef = 827D1FC11333492853162B3A /* AchievementsWindow.swift */; };
		7D54F4EF656EBE410E602805 /* StockfishEngineTests.swift in Sources */ = {isa = PBXBuildFile; fileRef = B0BAEC1548CACBAC1FBE9B9A /* StockfishEngineTests.swift */; };
		85CFE2CF341F1DB8977E7E2A /* UnlockedAchievement.swift in Sources */ = {isa = PBXBuildFile; fileRef = AB5EAC369861AC37B184B3D8 /* UnlockedAchievement.swift */; };
		8F1301AB9DA363952271133F /* Puzzle.swift in Sources */ = {isa = PBXBuildFile; fileRef = 6214E2A1AE3219A3A7C1852F /* Puzzle.swift */; };
		9455DCD550D50CB3303C2630 /* AchievementUnlockedDialog.swift in Sources */ = {isa = PBXBuildFile; fileRef = BBD3BD78F90B05E40DB141B5 /* AchievementUnlockedDialog.swift */; };
		94E105E71113FA0CE29A7600 /* Win98Dialog.swift in Sources */ = {isa = PBXBuildFile; fileRef = EC2B9D6FA7B5E184C0C199F8 /* Win98Dialog.swift */; };
		968751DF626974F1A6D3860A /* ChessKit in Frameworks */ = {isa = PBXBuildFile; productRef = 542ED04C175EA49A108C53B8 /* ChessKit */; };
		97B80CCCBFE74045D5DE6713 /* AchievementEvaluator.swift in Sources */ = {isa = PBXBuildFile; fileRef = 784BBF17C6546B6FE08EE784 /* AchievementEvaluator.swift */; };
		A50D4C1F921B8D1ADF28398F /* GameViewModel.swift in Sources */ = {isa = PBXBuildFile; fileRef = 7F7A7C72D8B32D4555A131AE /* GameViewModel.swift */; };
		AE77C930BAFB349D530C7559 /* MoveHistoryView.swift in Sources */ = {isa = PBXBuildFile; fileRef = 11D3507E4B364D2FC9853D4F /* MoveHistoryView.swift */; };
		B0525CC3BC6EF61C6B5565D1 /* GameResult.swift in Sources */ = {isa = PBXBuildFile; fileRef = 6FD1EA893809D84D1C5DE440 /* GameResult.swift */; };
		BC3D05715CF5EE59CD291864 /* SOURCES.md in Resources */ = {isa = PBXBuildFile; fileRef = 668F1B3DA128B4034FD4844B /* SOURCES.md */; };
		C9AF2F325CA922E8EEA0C5EC /* StatsWindow.swift in Sources */ = {isa = PBXBuildFile; fileRef = B509652876800B739C033B96 /* StatsWindow.swift */; };
		CD9A3B051A03B60D7B6D2AE6 /* Win98Button.swift in Sources */ = {isa = PBXBuildFile; fileRef = 27D7FCF9EB79C9467E326FA5 /* Win98Button.swift */; };
		D469828696265DE3DAF7E36C /* PieceView.swift in Sources */ = {isa = PBXBuildFile; fileRef = 2B572538673A267173631B26 /* PieceView.swift */; };
		DA5A3ADE404A115357B096E9 /* nn-37f18f62d772.nnue in Resources */ = {isa = PBXBuildFile; fileRef = 364C714FCFB08AE662E1E0A7 /* nn-37f18f62d772.nnue */; };
		DE60A530BB226A32D9ACDCD4 /* PuzzleViewModel.swift in Sources */ = {isa = PBXBuildFile; fileRef = 9476CCCA48B2D584156547E4 /* PuzzleViewModel.swift */; };
		E301FA970BDEF0E40BDA32A7 /* SquareView.swift in Sources */ = {isa = PBXBuildFile; fileRef = BDD2C23376B5C5B7E5F6EF59 /* SquareView.swift */; };
		EC3F781CD8F24FB08DB6BF6B /* PrivacyInfo.xcprivacy in Resources */ = {isa = PBXBuildFile; fileRef = A9BF7D58446BDCD225DDFFF3 /* PrivacyInfo.xcprivacy */; };
		ECDFF9EBF2F239C715D7D9FA /* Chess98Tests.swift in Sources */ = {isa = PBXBuildFile; fileRef = 55565E6726A6676BA82D0508 /* Chess98Tests.swift */; };
		F6407B856FA1A775EE4E54EE /* AchievementCatalog.swift in Sources */ = {isa = PBXBuildFile; fileRef = D35F1AAE10320D2D4794C5D1 /* AchievementCatalog.swift */; };
		F90337F9E3A029A5CA5E6209 /* PlayerStats.swift in Sources */ = {isa = PBXBuildFile; fileRef = 9D85C07BF69615EF0201C3AE /* PlayerStats.swift */; };
		FAE9597CF6836F234591BEA2 /* Win98Window.swift in Sources */ = {isa = PBXBuildFile; fileRef = 38175344AF79D85F3948D7D6 /* Win98Window.swift */; };
		FE8199F2D826E9546680105C /* EngineProtocol.swift in Sources */ = {isa = PBXBuildFile; fileRef = BC76BC537073E5A4BF71E406 /* EngineProtocol.swift */; };
/* End PBXBuildFile section */

/* Begin PBXContainerItemProxy section */
		7BD49BA5EBA51070BCDA99CB /* PBXContainerItemProxy */ = {
			isa = PBXContainerItemProxy;
			containerPortal = 2C9BF94A768D2D0D52AB9443 /* Project object */;
			proxyType = 1;
			remoteGlobalIDString = 34894DDFE51685C2045D652A;
			remoteInfo = Chess98;
		};
/* End PBXContainerItemProxy section */

/* Begin PBXFileReference section */
		0F036FE834677E44F64BD6BA /* nn-1111cefa1111.nnue */ = {isa = PBXFileReference; path = "nn-1111cefa1111.nnue"; sourceTree = "<group>"; };
		11D3507E4B364D2FC9853D4F /* MoveHistoryView.swift */ = {isa = PBXFileReference; lastKnownFileType = sourcecode.swift; path = MoveHistoryView.swift; sourceTree = "<group>"; };
		1679B9FA230D3253A3799AF8 /* StreakCalculator.swift */ = {isa = PBXFileReference; lastKnownFileType = sourcecode.swift; path = StreakCalculator.swift; sourceTree = "<group>"; };
		2680ED08CBB66165DB57E176 /* Achievement.swift */ = {isa = PBXFileReference; lastKnownFileType = sourcecode.swift; path = Achievement.swift; sourceTree = "<group>"; };
		27D7FCF9EB79C9467E326FA5 /* Win98Button.swift */ = {isa = PBXFileReference; lastKnownFileType = sourcecode.swift; path = Win98Button.swift; sourceTree = "<group>"; };
		2B572538673A267173631B26 /* PieceView.swift */ = {isa = PBXFileReference; lastKnownFileType = sourcecode.swift; path = PieceView.swift; sourceTree = "<group>"; };
		2F5711DBB76352BFA16394AA /* Chess98App.swift */ = {isa = PBXFileReference; lastKnownFileType = sourcecode.swift; path = Chess98App.swift; sourceTree = "<group>"; };
		364C714FCFB08AE662E1E0A7 /* nn-37f18f62d772.nnue */ = {isa = PBXFileReference; path = "nn-37f18f62d772.nnue"; sourceTree = "<group>"; };
		38175344AF79D85F3948D7D6 /* Win98Window.swift */ = {isa = PBXFileReference; lastKnownFileType = sourcecode.swift; path = Win98Window.swift; sourceTree = "<group>"; };
		55565E6726A6676BA82D0508 /* Chess98Tests.swift */ = {isa = PBXFileReference; lastKnownFileType = sourcecode.swift; path = Chess98Tests.swift; sourceTree = "<group>"; };
		6214E2A1AE3219A3A7C1852F /* Puzzle.swift */ = {isa = PBXFileReference; lastKnownFileType = sourcecode.swift; path = Puzzle.swift; sourceTree = "<group>"; };
		668F1B3DA128B4034FD4844B /* SOURCES.md */ = {isa = PBXFileReference; lastKnownFileType = net.daringfireball.markdown; path = SOURCES.md; sourceTree = "<group>"; };
		6857502A84D7EB0B2F1B090A /* Haptics.swift */ = {isa = PBXFileReference; lastKnownFileType = sourcecode.swift; path = Haptics.swift; sourceTree = "<group>"; };
		6FD1EA893809D84D1C5DE440 /* GameResult.swift */ = {isa = PBXFileReference; lastKnownFileType = sourcecode.swift; path = GameResult.swift; sourceTree = "<group>"; };
		743FA83EE1E867EF42E995B8 /* XPCalculator.swift */ = {isa = PBXFileReference; lastKnownFileType = sourcecode.swift; path = XPCalculator.swift; sourceTree = "<group>"; };
		784BBF17C6546B6FE08EE784 /* AchievementEvaluator.swift */ = {isa = PBXFileReference; lastKnownFileType = sourcecode.swift; path = AchievementEvaluator.swift; sourceTree = "<group>"; };
		7996A7ED3B777EB4848DEB48 /* Chess98Tests.xctest */ = {isa = PBXFileReference; includeInIndex = 0; lastKnownFileType = wrapper.cfbundle; path = Chess98Tests.xctest; sourceTree = BUILT_PRODUCTS_DIR; };
		7F7A7C72D8B32D4555A131AE /* GameViewModel.swift */ = {isa = PBXFileReference; lastKnownFileType = sourcecode.swift; path = GameViewModel.swift; sourceTree = "<group>"; };
		827D1FC11333492853162B3A /* AchievementsWindow.swift */ = {isa = PBXFileReference; lastKnownFileType = sourcecode.swift; path = AchievementsWindow.swift; sourceTree = "<group>"; };
		83FE9C8DB89218539C96062C /* ContentView.swift */ = {isa = PBXFileReference; lastKnownFileType = sourcecode.swift; path = ContentView.swift; sourceTree = "<group>"; };
		925B2B30403D242C4C74BAB1 /* Chess98.app */ = {isa = PBXFileReference; includeInIndex = 0; lastKnownFileType = wrapper.application; path = Chess98.app; sourceTree = BUILT_PRODUCTS_DIR; };
		9476CCCA48B2D584156547E4 /* PuzzleViewModel.swift */ = {isa = PBXFileReference; lastKnownFileType = sourcecode.swift; path = PuzzleViewModel.swift; sourceTree = "<group>"; };
		94E8090B982528E454C9431A /* Puzzles.json */ = {isa = PBXFileReference; lastKnownFileType = text.json; path = Puzzles.json; sourceTree = "<group>"; };
		9D85C07BF69615EF0201C3AE /* PlayerStats.swift */ = {isa = PBXFileReference; lastKnownFileType = sourcecode.swift; path = PlayerStats.swift; sourceTree = "<group>"; };
		A9BF7D58446BDCD225DDFFF3 /* PrivacyInfo.xcprivacy */ = {isa = PBXFileReference; path = PrivacyInfo.xcprivacy; sourceTree = "<group>"; };
		AB5EAC369861AC37B184B3D8 /* UnlockedAchievement.swift */ = {isa = PBXFileReference; lastKnownFileType = sourcecode.swift; path = UnlockedAchievement.swift; sourceTree = "<group>"; };
		B0BAEC1548CACBAC1FBE9B9A /* StockfishEngineTests.swift */ = {isa = PBXFileReference; lastKnownFileType = sourcecode.swift; path = StockfishEngineTests.swift; sourceTree = "<group>"; };
		B1F764A2A69D55665F879CEA /* Win98MenuBar.swift */ = {isa = PBXFileReference; lastKnownFileType = sourcecode.swift; path = Win98MenuBar.swift; sourceTree = "<group>"; };
		B509652876800B739C033B96 /* StatsWindow.swift */ = {isa = PBXFileReference; lastKnownFileType = sourcecode.swift; path = StatsWindow.swift; sourceTree = "<group>"; };
		BBD3BD78F90B05E40DB141B5 /* AchievementUnlockedDialog.swift */ = {isa = PBXFileReference; lastKnownFileType = sourcecode.swift; path = AchievementUnlockedDialog.swift; sourceTree = "<group>"; };
		BC76BC537073E5A4BF71E406 /* EngineProtocol.swift */ = {isa = PBXFileReference; lastKnownFileType = sourcecode.swift; path = EngineProtocol.swift; sourceTree = "<group>"; };
		BDD2C23376B5C5B7E5F6EF59 /* SquareView.swift */ = {isa = PBXFileReference; lastKnownFileType = sourcecode.swift; path = SquareView.swift; sourceTree = "<group>"; };
		C0F2B04F941DE73BC067E903 /* GameViewModelTests.swift */ = {isa = PBXFileReference; lastKnownFileType = sourcecode.swift; path = GameViewModelTests.swift; sourceTree = "<group>"; };
		C1455EA87153510583C3129F /* PuzzleCatalog.swift */ = {isa = PBXFileReference; lastKnownFileType = sourcecode.swift; path = PuzzleCatalog.swift; sourceTree = "<group>"; };
		C23ED9CBAACA685E4E322D1F /* DailyPuzzleAttempt.swift */ = {isa = PBXFileReference; lastKnownFileType = sourcecode.swift; path = DailyPuzzleAttempt.swift; sourceTree = "<group>"; };
		CC8BDE0691D8238334322EB8 /* StreakBadge.swift */ = {isa = PBXFileReference; lastKnownFileType = sourcecode.swift; path = StreakBadge.swift; sourceTree = "<group>"; };
		CF5A2B8B4ED83C614AE95621 /* BoardView.swift */ = {isa = PBXFileReference; lastKnownFileType = sourcecode.swift; path = BoardView.swift; sourceTree = "<group>"; };
		D191A7315F2AA33B77404FE5 /* Difficulty.swift */ = {isa = PBXFileReference; lastKnownFileType = sourcecode.swift; path = Difficulty.swift; sourceTree = "<group>"; };
		D35F1AAE10320D2D4794C5D1 /* AchievementCatalog.swift */ = {isa = PBXFileReference; lastKnownFileType = sourcecode.swift; path = AchievementCatalog.swift; sourceTree = "<group>"; };
		E1AA98B04035321098E699C8 /* Win98Tokens.swift */ = {isa = PBXFileReference; lastKnownFileType = sourcecode.swift; path = Win98Tokens.swift; sourceTree = "<group>"; };
		E5C439F6A9383E497F3E7576 /* RetentionService.swift */ = {isa = PBXFileReference; lastKnownFileType = sourcecode.swift; path = RetentionService.swift; sourceTree = "<group>"; };
		EC2B9D6FA7B5E184C0C199F8 /* Win98Dialog.swift */ = {isa = PBXFileReference; lastKnownFileType = sourcecode.swift; path = Win98Dialog.swift; sourceTree = "<group>"; };
		EFA3ECB4478ECEA159ADBA77 /* SavedGame.swift */ = {isa = PBXFileReference; lastKnownFileType = sourcecode.swift; path = SavedGame.swift; sourceTree = "<group>"; };
		F43191194979C63F7BCC673B /* Assets.xcassets */ = {isa = PBXFileReference; lastKnownFileType = folder.assetcatalog; path = Assets.xcassets; sourceTree = "<group>"; };
		FA5DD8BE2D1A55FB20CB0910 /* Win98Bevel.swift */ = {isa = PBXFileReference; lastKnownFileType = sourcecode.swift; path = Win98Bevel.swift; sourceTree = "<group>"; };
		FC59003F82B9E450AA6EF909 /* StockfishEngine.swift */ = {isa = PBXFileReference; lastKnownFileType = sourcecode.swift; path = StockfishEngine.swift; sourceTree = "<group>"; };
/* End PBXFileReference section */

/* Begin PBXFrameworksBuildPhase section */
		A4B5D30E085C1ADFD9CF7E2D /* Frameworks */ = {
			isa = PBXFrameworksBuildPhase;
			buildActionMask = 2147483647;
			files = (
				968751DF626974F1A6D3860A /* ChessKit in Frameworks */,
				08AF770DB468B3C88F1A5677 /* ChessKitEngine in Frameworks */,
			);
			runOnlyForDeploymentPostprocessing = 0;
		};
/* End PBXFrameworksBuildPhase section */

/* Begin PBXGroup section */
		023B9B2C74F1C7868EB049E9 /* Services */ = {
			isa = PBXGroup;
			children = (
				784BBF17C6546B6FE08EE784 /* AchievementEvaluator.swift */,
				E5C439F6A9383E497F3E7576 /* RetentionService.swift */,
				1679B9FA230D3253A3799AF8 /* StreakCalculator.swift */,
				743FA83EE1E867EF42E995B8 /* XPCalculator.swift */,
			);
			path = Services;
			sourceTree = "<group>";
		};
		0BF757C288D918201E3A6B17 /* Chess */ = {
			isa = PBXGroup;
			children = (
				CF5A2B8B4ED83C614AE95621 /* BoardView.swift */,
				D191A7315F2AA33B77404FE5 /* Difficulty.swift */,
				BC76BC537073E5A4BF71E406 /* EngineProtocol.swift */,
				7F7A7C72D8B32D4555A131AE /* GameViewModel.swift */,
				6857502A84D7EB0B2F1B090A /* Haptics.swift */,
				11D3507E4B364D2FC9853D4F /* MoveHistoryView.swift */,
				2B572538673A267173631B26 /* PieceView.swift */,
				BDD2C23376B5C5B7E5F6EF59 /* SquareView.swift */,
				FC59003F82B9E450AA6EF909 /* StockfishEngine.swift */,
			);
			path = Chess;
			sourceTree = "<group>";
		};
		13EC56B4A733AE0AAF341752 /* Privacy */ = {
			isa = PBXGroup;
			children = (
				A9BF7D58446BDCD225DDFFF3 /* PrivacyInfo.xcprivacy */,
			);
			path = Privacy;
			sourceTree = "<group>";
		};
		2FBC6896BB019A16D53E7AB5 /* Puzzle */ = {
			isa = PBXGroup;
			children = (
				9476CCCA48B2D584156547E4 /* PuzzleViewModel.swift */,
			);
			path = Puzzle;
			sourceTree = "<group>";
		};
		49E1958070EA5E81F4A96088 /* Resources */ = {
			isa = PBXGroup;
			children = (
				DA584A4D24153C6DD514FB99 /* NNUE */,
				F43191194979C63F7BCC673B /* Assets.xcassets */,
			);
			path = Resources;
			sourceTree = "<group>";
		};
		4E070BFB83765DD6BCB37BCD /* Retention */ = {
			isa = PBXGroup;
			children = (
				D0B594CB09C40999818721B5 /* Catalog */,
				FD08B2B4FEED899B2B1F7B25 /* Models */,
				2FBC6896BB019A16D53E7AB5 /* Puzzle */,
				023B9B2C74F1C7868EB049E9 /* Services */,
				9A128A89A1AF670DBB6E0A22 /* Views */,
			);
			path = Retention;
			sourceTree = "<group>";
		};
		7DD4733C95D7C665CE394409 /* Theme */ = {
			isa = PBXGroup;
			children = (
				FA5DD8BE2D1A55FB20CB0910 /* Win98Bevel.swift */,
				27D7FCF9EB79C9467E326FA5 /* Win98Button.swift */,
				EC2B9D6FA7B5E184C0C199F8 /* Win98Dialog.swift */,
				B1F764A2A69D55665F879CEA /* Win98MenuBar.swift */,
				E1AA98B04035321098E699C8 /* Win98Tokens.swift */,
				38175344AF79D85F3948D7D6 /* Win98Window.swift */,
			);
			path = Theme;
			sourceTree = "<group>";
		};
		8BD5B259C3A8F643B2FA9EA7 /* App */ = {
			isa = PBXGroup;
			children = (
				2F5711DBB76352BFA16394AA /* Chess98App.swift */,
				83FE9C8DB89218539C96062C /* ContentView.swift */,
			);
			path = App;
			sourceTree = "<group>";
		};
		981E29848B974244C35FFF7F /* Persistence */ = {
			isa = PBXGroup;
			children = (
				EFA3ECB4478ECEA159ADBA77 /* SavedGame.swift */,
			);
			path = Persistence;
			sourceTree = "<group>";
		};
		9A128A89A1AF670DBB6E0A22 /* Views */ = {
			isa = PBXGroup;
			children = (
				827D1FC11333492853162B3A /* AchievementsWindow.swift */,
				BBD3BD78F90B05E40DB141B5 /* AchievementUnlockedDialog.swift */,
				B509652876800B739C033B96 /* StatsWindow.swift */,
				CC8BDE0691D8238334322EB8 /* StreakBadge.swift */,
			);
			path = Views;
			sourceTree = "<group>";
		};
		AAB8DAC78840FF8499BD738F /* Chess98Tests */ = {
			isa = PBXGroup;
			children = (
				55565E6726A6676BA82D0508 /* Chess98Tests.swift */,
				C0F2B04F941DE73BC067E903 /* GameViewModelTests.swift */,
				B0BAEC1548CACBAC1FBE9B9A /* StockfishEngineTests.swift */,
			);
			path = Chess98Tests;
			sourceTree = "<group>";
		};
		B1F2D6BEBF25A8B36999E22E /* Chess98 */ = {
			isa = PBXGroup;
			children = (
				8BD5B259C3A8F643B2FA9EA7 /* App */,
				0BF757C288D918201E3A6B17 /* Chess */,
				981E29848B974244C35FFF7F /* Persistence */,
				13EC56B4A733AE0AAF341752 /* Privacy */,
				49E1958070EA5E81F4A96088 /* Resources */,
				4E070BFB83765DD6BCB37BCD /* Retention */,
				7DD4733C95D7C665CE394409 /* Theme */,
			);
			path = Chess98;
			sourceTree = "<group>";
		};
		B3FB7A0D9A93B5F6AFE9876C /* Products */ = {
			isa = PBXGroup;
			children = (
				925B2B30403D242C4C74BAB1 /* Chess98.app */,
				7996A7ED3B777EB4848DEB48 /* Chess98Tests.xctest */,
			);
			name = Products;
			sourceTree = "<group>";
		};
		D0B594CB09C40999818721B5 /* Catalog */ = {
			isa = PBXGroup;
			children = (
				2680ED08CBB66165DB57E176 /* Achievement.swift */,
				D35F1AAE10320D2D4794C5D1 /* AchievementCatalog.swift */,
				6214E2A1AE3219A3A7C1852F /* Puzzle.swift */,
				C1455EA87153510583C3129F /* PuzzleCatalog.swift */,
				94E8090B982528E454C9431A /* Puzzles.json */,
				668F1B3DA128B4034FD4844B /* SOURCES.md */,
			);
			path = Catalog;
			sourceTree = "<group>";
		};
		DA584A4D24153C6DD514FB99 /* NNUE */ = {
			isa = PBXGroup;
			children = (
				364C714FCFB08AE662E1E0A7 /* nn-37f18f62d772.nnue */,
				0F036FE834677E44F64BD6BA /* nn-1111cefa1111.nnue */,
			);
			path = NNUE;
			sourceTree = "<group>";
		};
		FD08B2B4FEED899B2B1F7B25 /* Models */ = {
			isa = PBXGroup;
			children = (
				C23ED9CBAACA685E4E322D1F /* DailyPuzzleAttempt.swift */,
				6FD1EA893809D84D1C5DE440 /* GameResult.swift */,
				9D85C07BF69615EF0201C3AE /* PlayerStats.swift */,
				AB5EAC369861AC37B184B3D8 /* UnlockedAchievement.swift */,
			);
			path = Models;
			sourceTree = "<group>";
		};
		FDCF79A46163AFE86787C814 = {
			isa = PBXGroup;
			children = (
				B1F2D6BEBF25A8B36999E22E /* Chess98 */,
				AAB8DAC78840FF8499BD738F /* Chess98Tests */,
				B3FB7A0D9A93B5F6AFE9876C /* Products */,
			);
			sourceTree = "<group>";
		};
/* End PBXGroup section */

/* Begin PBXNativeTarget section */
		34894DDFE51685C2045D652A /* Chess98 */ = {
			isa = PBXNativeTarget;
			buildConfigurationList = 5D34CFEE22492D36D3A625A3 /* Build configuration list for PBXNativeTarget "Chess98" */;
			buildPhases = (
				B78FE9DB80D904C19FF5F77B /* Sources */,
				CBBBB74C112238D842BF0FEE /* Resources */,
				A4B5D30E085C1ADFD9CF7E2D /* Frameworks */,
			);
			buildRules = (
			);
			dependencies = (
			);
			name = Chess98;
			packageProductDependencies = (
				542ED04C175EA49A108C53B8 /* ChessKit */,
				04BB05D27572E81AE3E013B3 /* ChessKitEngine */,
			);
			productName = Chess98;
			productReference = 925B2B30403D242C4C74BAB1 /* Chess98.app */;
			productType = "com.apple.product-type.application";
		};
		9EFE9E72C68A6C159149FC9D /* Chess98Tests */ = {
			isa = PBXNativeTarget;
			buildConfigurationList = 47B9D797F33031048C24C433 /* Build configuration list for PBXNativeTarget "Chess98Tests" */;
			buildPhases = (
				36816AFC93791A0ECA61C049 /* Sources */,
			);
			buildRules = (
			);
			dependencies = (
				739719273C78424EE1F6A9DE /* PBXTargetDependency */,
			);
			name = Chess98Tests;
			packageProductDependencies = (
			);
			productName = Chess98Tests;
			productReference = 7996A7ED3B777EB4848DEB48 /* Chess98Tests.xctest */;
			productType = "com.apple.product-type.bundle.unit-test";
		};
/* End PBXNativeTarget section */

/* Begin PBXProject section */
		2C9BF94A768D2D0D52AB9443 /* Project object */ = {
			isa = PBXProject;
			attributes = {
				BuildIndependentTargetsInParallel = YES;
				LastUpgradeCheck = 1600;
				TargetAttributes = {
					34894DDFE51685C2045D652A = {
						DevelopmentTeam = "";
						ProvisioningStyle = Automatic;
					};
					9EFE9E72C68A6C159149FC9D = {
						DevelopmentTeam = "";
						ProvisioningStyle = Automatic;
					};
				};
			};
			buildConfigurationList = 2DF1D576FA6297AC4F020379 /* Build configuration list for PBXProject "Chess98" */;
			developmentRegion = en;
			hasScannedForEncodings = 0;
			knownRegions = (
				Base,
				en,
			);
			mainGroup = FDCF79A46163AFE86787C814;
			minimizedProjectReferenceProxies = 1;
			packageReferences = (
				02707B18B8D2EBCFE9537B48 /* XCRemoteSwiftPackageReference "chesskit-swift" */,
				39F07CB938B932DA16B830A9 /* XCRemoteSwiftPackageReference "chesskit-engine" */,
			);
			preferredProjectObjectVersion = 77;
			productRefGroup = B3FB7A0D9A93B5F6AFE9876C /* Products */;
			projectDirPath = "";
			projectRoot = "";
			targets = (
				34894DDFE51685C2045D652A /* Chess98 */,
				9EFE9E72C68A6C159149FC9D /* Chess98Tests */,
			);
		};
/* End PBXProject section */

/* Begin PBXResourcesBuildPhase section */
		CBBBB74C112238D842BF0FEE /* Resources */ = {
			isa = PBXResourcesBuildPhase;
			buildActionMask = 2147483647;
			files = (
				4B3DBFEA62CD54CE6F10329A /* Assets.xcassets in Resources */,
				EC3F781CD8F24FB08DB6BF6B /* PrivacyInfo.xcprivacy in Resources */,
				501CCE82FB19E31BF5CF6258 /* Puzzles.json in Resources */,
				BC3D05715CF5EE59CD291864 /* SOURCES.md in Resources */,
				07B6A230024F80C1DD2856A3 /* nn-1111cefa1111.nnue in Resources */,
				DA5A3ADE404A115357B096E9 /* nn-37f18f62d772.nnue in Resources */,
			);
			runOnlyForDeploymentPostprocessing = 0;
		};
/* End PBXResourcesBuildPhase section */

/* Begin PBXSourcesBuildPhase section */
		36816AFC93791A0ECA61C049 /* Sources */ = {
			isa = PBXSourcesBuildPhase;
			buildActionMask = 2147483647;
			files = (
				ECDFF9EBF2F239C715D7D9FA /* Chess98Tests.swift in Sources */,
				6E21FDEFACBC73335580CD53 /* GameViewModelTests.swift in Sources */,
				7D54F4EF656EBE410E602805 /* StockfishEngineTests.swift in Sources */,
			);
			runOnlyForDeploymentPostprocessing = 0;
		};
		B78FE9DB80D904C19FF5F77B /* Sources */ = {
			isa = PBXSourcesBuildPhase;
			buildActionMask = 2147483647;
			files = (
				5ECE26F0E17A752B17102E61 /* Achievement.swift in Sources */,
				F6407B856FA1A775EE4E54EE /* AchievementCatalog.swift in Sources */,
				97B80CCCBFE74045D5DE6713 /* AchievementEvaluator.swift in Sources */,
				9455DCD550D50CB3303C2630 /* AchievementUnlockedDialog.swift in Sources */,
				710781F5A311B4B12A14476A /* AchievementsWindow.swift in Sources */,
				66CC1AD5F434A211021633B7 /* BoardView.swift in Sources */,
				04B53E238C721FEB09815EA5 /* Chess98App.swift in Sources */,
				633019BB67DAF95A0761A42B /* ContentView.swift in Sources */,
				477BC88CB34698123DA52E46 /* DailyPuzzleAttempt.swift in Sources */,
				52C499AD0892A6EB71BAE330 /* Difficulty.swift in Sources */,
				FE8199F2D826E9546680105C /* EngineProtocol.swift in Sources */,
				B0525CC3BC6EF61C6B5565D1 /* GameResult.swift in Sources */,
				A50D4C1F921B8D1ADF28398F /* GameViewModel.swift in Sources */,
				4215FBDE47E3DB1D1DF02A8B /* Haptics.swift in Sources */,
				AE77C930BAFB349D530C7559 /* MoveHistoryView.swift in Sources */,
				D469828696265DE3DAF7E36C /* PieceView.swift in Sources */,
				F90337F9E3A029A5CA5E6209 /* PlayerStats.swift in Sources */,
				8F1301AB9DA363952271133F /* Puzzle.swift in Sources */,
				0635F27EEFB9CC6ADB8AC52A /* PuzzleCatalog.swift in Sources */,
				DE60A530BB226A32D9ACDCD4 /* PuzzleViewModel.swift in Sources */,
				6B9443EACF712CDB78EE8BA8 /* RetentionService.swift in Sources */,
				6AF3EE021DE1988D3E24CF3C /* SavedGame.swift in Sources */,
				E301FA970BDEF0E40BDA32A7 /* SquareView.swift in Sources */,
				C9AF2F325CA922E8EEA0C5EC /* StatsWindow.swift in Sources */,
				20E667BE5AE7F28429B89ADA /* StockfishEngine.swift in Sources */,
				29E2E48A6AC752B7367046AD /* StreakBadge.swift in Sources */,
				0DC84F480F62E53DB277FC0F /* StreakCalculator.swift in Sources */,
				85CFE2CF341F1DB8977E7E2A /* UnlockedAchievement.swift in Sources */,
				69FC974E97E1989287BF7A4B /* Win98Bevel.swift in Sources */,
				CD9A3B051A03B60D7B6D2AE6 /* Win98Button.swift in Sources */,
				94E105E71113FA0CE29A7600 /* Win98Dialog.swift in Sources */,
				6378EA5CDD6FC7606AD4DB17 /* Win98MenuBar.swift in Sources */,
				2216D3D2BB673A2786F213F2 /* Win98Tokens.swift in Sources */,
				FAE9597CF6836F234591BEA2 /* Win98Window.swift in Sources */,
				3ED070514C6F975045B1A871 /* XPCalculator.swift in Sources */,
			);
			runOnlyForDeploymentPostprocessing = 0;
		};
/* End PBXSourcesBuildPhase section */

/* Begin PBXTargetDependency section */
		739719273C78424EE1F6A9DE /* PBXTargetDependency */ = {
			isa = PBXTargetDependency;
			target = 34894DDFE51685C2045D652A /* Chess98 */;
			targetProxy = 7BD49BA5EBA51070BCDA99CB /* PBXContainerItemProxy */;
		};
/* End PBXTargetDependency section */

/* Begin XCBuildConfiguration section */
		6BF823659D9F108FCC39C7D4 /* Debug */ = {
			isa = XCBuildConfiguration;
			buildSettings = {
				BUNDLE_LOADER = "$(TEST_HOST)";
				GENERATE_INFOPLIST_FILE = YES;
				LD_RUNPATH_SEARCH_PATHS = (
					"$(inherited)",
					"@executable_path/Frameworks",
					"@loader_path/Frameworks",
				);
				PRODUCT_BUNDLE_IDENTIFIER = com.vibrolo.chess98.tests;
				SDKROOT = iphoneos;
				TARGETED_DEVICE_FAMILY = "1,2";
				TEST_HOST = "$(BUILT_PRODUCTS_DIR)/Chess98.app/Chess98";
			};
			name = Debug;
		};
		96C7089EA40A554036CFC4D9 /* Debug */ = {
			isa = XCBuildConfiguration;
			buildSettings = {
				ASSETCATALOG_COMPILER_APPICON_NAME = AppIcon;
				CODE_SIGN_IDENTITY = "iPhone Developer";
				GENERATE_INFOPLIST_FILE = YES;
				INFOPLIST_KEY_CFBundleDisplayName = "Chess 98";
				INFOPLIST_KEY_UIApplicationSceneManifest_Generation = YES;
				INFOPLIST_KEY_UILaunchScreen_Generation = YES;
				INFOPLIST_KEY_UISupportedInterfaceOrientations_iPad = "UIInterfaceOrientationPortrait UIInterfaceOrientationPortraitUpsideDown UIInterfaceOrientationLandscapeLeft UIInterfaceOrientationLandscapeRight";
				INFOPLIST_KEY_UISupportedInterfaceOrientations_iPhone = "UIInterfaceOrientationPortrait UIInterfaceOrientationLandscapeLeft UIInterfaceOrientationLandscapeRight";
				LD_RUNPATH_SEARCH_PATHS = (
					"$(inherited)",
					"@executable_path/Frameworks",
				);
				PRODUCT_BUNDLE_IDENTIFIER = com.vibrolo.chess98;
				SDKROOT = iphoneos;
				TARGETED_DEVICE_FAMILY = "1,2";
			};
			name = Debug;
		};
		B472D93A4738DC0708CE53A3 /* Release */ = {
			isa = XCBuildConfiguration;
			buildSettings = {
				BUNDLE_LOADER = "$(TEST_HOST)";
				GENERATE_INFOPLIST_FILE = YES;
				LD_RUNPATH_SEARCH_PATHS = (
					"$(inherited)",
					"@executable_path/Frameworks",
					"@loader_path/Frameworks",
				);
				PRODUCT_BUNDLE_IDENTIFIER = com.vibrolo.chess98.tests;
				SDKROOT = iphoneos;
				TARGETED_DEVICE_FAMILY = "1,2";
				TEST_HOST = "$(BUILT_PRODUCTS_DIR)/Chess98.app/Chess98";
			};
			name = Release;
		};
		BBD291BEA5C1016FB621C38A /* Release */ = {
			isa = XCBuildConfiguration;
			buildSettings = {
				ALWAYS_SEARCH_USER_PATHS = NO;
				CLANG_ANALYZER_NONNULL = YES;
				CLANG_ANALYZER_NUMBER_OBJECT_CONVERSION = YES_AGGRESSIVE;
				CLANG_CXX_LANGUAGE_STANDARD = "gnu++14";
				CLANG_CXX_LIBRARY = "libc++";
				CLANG_ENABLE_MODULES = YES;
				CLANG_ENABLE_OBJC_ARC = YES;
				CLANG_ENABLE_OBJC_WEAK = YES;
				CLANG_WARN_BLOCK_CAPTURE_AUTORELEASING = YES;
				CLANG_WARN_BOOL_CONVERSION = YES;
				CLANG_WARN_COMMA = YES;
				CLANG_WARN_CONSTANT_CONVERSION = YES;
				CLANG_WARN_DEPRECATED_OBJC_IMPLEMENTATIONS = YES;
				CLANG_WARN_DIRECT_OBJC_ISA_USAGE = YES_ERROR;
				CLANG_WARN_DOCUMENTATION_COMMENTS = YES;
				CLANG_WARN_EMPTY_BODY = YES;
				CLANG_WARN_ENUM_CONVERSION = YES;
				CLANG_WARN_INFINITE_RECURSION = YES;
				CLANG_WARN_INT_CONVERSION = YES;
				CLANG_WARN_NON_LITERAL_NULL_CONVERSION = YES;
				CLANG_WARN_OBJC_IMPLICIT_RETAIN_SELF = YES;
				CLANG_WARN_OBJC_LITERAL_CONVERSION = YES;
				CLANG_WARN_OBJC_ROOT_CLASS = YES_ERROR;
				CLANG_WARN_QUOTED_INCLUDE_IN_FRAMEWORK_HEADER = YES;
				CLANG_WARN_RANGE_LOOP_ANALYSIS = YES;
				CLANG_WARN_STRICT_PROTOTYPES = YES;
				CLANG_WARN_SUSPICIOUS_MOVE = YES;
				CLANG_WARN_UNGUARDED_AVAILABILITY = YES_AGGRESSIVE;
				CLANG_WARN_UNREACHABLE_CODE = YES;
				CLANG_WARN__DUPLICATE_METHOD_MATCH = YES;
				CODE_SIGN_STYLE = Automatic;
				COPY_PHASE_STRIP = NO;
				CURRENT_PROJECT_VERSION = 1;
				DEBUG_INFORMATION_FORMAT = "dwarf-with-dsym";
				DEVELOPMENT_TEAM = "";
				ENABLE_NS_ASSERTIONS = NO;
				ENABLE_STRICT_OBJC_MSGSEND = YES;
				ENABLE_USER_SCRIPT_SANDBOXING = YES;
				GCC_C_LANGUAGE_STANDARD = gnu11;
				GCC_NO_COMMON_BLOCKS = YES;
				GCC_WARN_64_TO_32_BIT_CONVERSION = YES;
				GCC_WARN_ABOUT_RETURN_TYPE = YES_ERROR;
				GCC_WARN_UNDECLARED_SELECTOR = YES;
				GCC_WARN_UNINITIALIZED_AUTOS = YES_AGGRESSIVE;
				GCC_WARN_UNUSED_FUNCTION = YES;
				GCC_WARN_UNUSED_VARIABLE = YES;
				IPHONEOS_DEPLOYMENT_TARGET = 17.0;
				MARKETING_VERSION = 0.1.0;
				MTL_ENABLE_DEBUG_INFO = NO;
				MTL_FAST_MATH = YES;
				PRODUCT_NAME = "$(TARGET_NAME)";
				SDKROOT = iphoneos;
				SWIFT_COMPILATION_MODE = wholemodule;
				SWIFT_OPTIMIZATION_LEVEL = "-O";
				SWIFT_VERSION = 5;
			};
			name = Release;
		};
		DFD1CFDE2B7DBFC0EAC2DD9C /* Debug */ = {
			isa = XCBuildConfiguration;
			buildSettings = {
				ALWAYS_SEARCH_USER_PATHS = NO;
				CLANG_ANALYZER_NONNULL = YES;
				CLANG_ANALYZER_NUMBER_OBJECT_CONVERSION = YES_AGGRESSIVE;
				CLANG_CXX_LANGUAGE_STANDARD = "gnu++14";
				CLANG_CXX_LIBRARY = "libc++";
				CLANG_ENABLE_MODULES = YES;
				CLANG_ENABLE_OBJC_ARC = YES;
				CLANG_ENABLE_OBJC_WEAK = YES;
				CLANG_WARN_BLOCK_CAPTURE_AUTORELEASING = YES;
				CLANG_WARN_BOOL_CONVERSION = YES;
				CLANG_WARN_COMMA = YES;
				CLANG_WARN_CONSTANT_CONVERSION = YES;
				CLANG_WARN_DEPRECATED_OBJC_IMPLEMENTATIONS = YES;
				CLANG_WARN_DIRECT_OBJC_ISA_USAGE = YES_ERROR;
				CLANG_WARN_DOCUMENTATION_COMMENTS = YES;
				CLANG_WARN_EMPTY_BODY = YES;
				CLANG_WARN_ENUM_CONVERSION = YES;
				CLANG_WARN_INFINITE_RECURSION = YES;
				CLANG_WARN_INT_CONVERSION = YES;
				CLANG_WARN_NON_LITERAL_NULL_CONVERSION = YES;
				CLANG_WARN_OBJC_IMPLICIT_RETAIN_SELF = YES;
				CLANG_WARN_OBJC_LITERAL_CONVERSION = YES;
				CLANG_WARN_OBJC_ROOT_CLASS = YES_ERROR;
				CLANG_WARN_QUOTED_INCLUDE_IN_FRAMEWORK_HEADER = YES;
				CLANG_WARN_RANGE_LOOP_ANALYSIS = YES;
				CLANG_WARN_STRICT_PROTOTYPES = YES;
				CLANG_WARN_SUSPICIOUS_MOVE = YES;
				CLANG_WARN_UNGUARDED_AVAILABILITY = YES_AGGRESSIVE;
				CLANG_WARN_UNREACHABLE_CODE = YES;
				CLANG_WARN__DUPLICATE_METHOD_MATCH = YES;
				CODE_SIGN_STYLE = Automatic;
				COPY_PHASE_STRIP = NO;
				CURRENT_PROJECT_VERSION = 1;
				DEBUG_INFORMATION_FORMAT = dwarf;
				DEVELOPMENT_TEAM = "";
				ENABLE_STRICT_OBJC_MSGSEND = YES;
				ENABLE_TESTABILITY = YES;
				ENABLE_USER_SCRIPT_SANDBOXING = YES;
				GCC_C_LANGUAGE_STANDARD = gnu11;
				GCC_DYNAMIC_NO_PIC = NO;
				GCC_NO_COMMON_BLOCKS = YES;
				GCC_OPTIMIZATION_LEVEL = 0;
				GCC_PREPROCESSOR_DEFINITIONS = (
					"$(inherited)",
					"DEBUG=1",
				);
				GCC_WARN_64_TO_32_BIT_CONVERSION = YES;
				GCC_WARN_ABOUT_RETURN_TYPE = YES_ERROR;
				GCC_WARN_UNDECLARED_SELECTOR = YES;
				GCC_WARN_UNINITIALIZED_AUTOS = YES_AGGRESSIVE;
				GCC_WARN_UNUSED_FUNCTION = YES;
				GCC_WARN_UNUSED_VARIABLE = YES;
				IPHONEOS_DEPLOYMENT_TARGET = 17.0;
				MARKETING_VERSION = 0.1.0;
				MTL_ENABLE_DEBUG_INFO = INCLUDE_SOURCE;
				MTL_FAST_MATH = YES;
				ONLY_ACTIVE_ARCH = YES;
				PRODUCT_NAME = "$(TARGET_NAME)";
				SDKROOT = iphoneos;
				SWIFT_ACTIVE_COMPILATION_CONDITIONS = DEBUG;
				SWIFT_OPTIMIZATION_LEVEL = "-Onone";
				SWIFT_VERSION = 5;
			};
			name = Debug;
		};
		FAAAFF55230712CF19FDC7C7 /* Release */ = {
			isa = XCBuildConfiguration;
			buildSettings = {
				ASSETCATALOG_COMPILER_APPICON_NAME = AppIcon;
				CODE_SIGN_IDENTITY = "iPhone Developer";
				GENERATE_INFOPLIST_FILE = YES;
				INFOPLIST_KEY_CFBundleDisplayName = "Chess 98";
				INFOPLIST_KEY_UIApplicationSceneManifest_Generation = YES;
				INFOPLIST_KEY_UILaunchScreen_Generation = YES;
				INFOPLIST_KEY_UISupportedInterfaceOrientations_iPad = "UIInterfaceOrientationPortrait UIInterfaceOrientationPortraitUpsideDown UIInterfaceOrientationLandscapeLeft UIInterfaceOrientationLandscapeRight";
				INFOPLIST_KEY_UISupportedInterfaceOrientations_iPhone = "UIInterfaceOrientationPortrait UIInterfaceOrientationLandscapeLeft UIInterfaceOrientationLandscapeRight";
				LD_RUNPATH_SEARCH_PATHS = (
					"$(inherited)",
					"@executable_path/Frameworks",
				);
				PRODUCT_BUNDLE_IDENTIFIER = com.vibrolo.chess98;
				SDKROOT = iphoneos;
				TARGETED_DEVICE_FAMILY = "1,2";
			};
			name = Release;
		};
/* End XCBuildConfiguration section */

/* Begin XCConfigurationList section */
		2DF1D576FA6297AC4F020379 /* Build configuration list for PBXProject "Chess98" */ = {
			isa = XCConfigurationList;
			buildConfigurations = (
				DFD1CFDE2B7DBFC0EAC2DD9C /* Debug */,
				BBD291BEA5C1016FB621C38A /* Release */,
			);
			defaultConfigurationIsVisible = 0;
			defaultConfigurationName = Debug;
		};
		47B9D797F33031048C24C433 /* Build configuration list for PBXNativeTarget "Chess98Tests" */ = {
			isa = XCConfigurationList;
			buildConfigurations = (
				6BF823659D9F108FCC39C7D4 /* Debug */,
				B472D93A4738DC0708CE53A3 /* Release */,
			);
			defaultConfigurationIsVisible = 0;
			defaultConfigurationName = Debug;
		};
		5D34CFEE22492D36D3A625A3 /* Build configuration list for PBXNativeTarget "Chess98" */ = {
			isa = XCConfigurationList;
			buildConfigurations = (
				96C7089EA40A554036CFC4D9 /* Debug */,
				FAAAFF55230712CF19FDC7C7 /* Release */,
			);
			defaultConfigurationIsVisible = 0;
			defaultConfigurationName = Debug;
		};
/* End XCConfigurationList section */

/* Begin XCRemoteSwiftPackageReference section */
		02707B18B8D2EBCFE9537B48 /* XCRemoteSwiftPackageReference "chesskit-swift" */ = {
			isa = XCRemoteSwiftPackageReference;
			repositoryURL = "https://github.com/chesskit-app/chesskit-swift";
			requirement = {
				kind = upToNextMajorVersion;
				minimumVersion = 0.17.0;
			};
		};
		39F07CB938B932DA16B830A9 /* XCRemoteSwiftPackageReference "chesskit-engine" */ = {
			isa = XCRemoteSwiftPackageReference;
			repositoryURL = "https://github.com/chesskit-app/chesskit-engine";
			requirement = {
				kind = upToNextMajorVersion;
				minimumVersion = 0.6.0;
			};
		};
/* End XCRemoteSwiftPackageReference section */

/* Begin XCSwiftPackageProductDependency section */
		04BB05D27572E81AE3E013B3 /* ChessKitEngine */ = {
			isa = XCSwiftPackageProductDependency;
			package = 39F07CB938B932DA16B830A9 /* XCRemoteSwiftPackageReference "chesskit-engine" */;
			productName = ChessKitEngine;
		};
		542ED04C175EA49A108C53B8 /* ChessKit */ = {
			isa = XCSwiftPackageProductDependency;
			package = 02707B18B8D2EBCFE9537B48 /* XCRemoteSwiftPackageReference "chesskit-swift" */;
			productName = ChessKit;
		};
/* End XCSwiftPackageProductDependency section */
	};
	rootObject = 2C9BF94A768D2D0D52AB9443 /* Project object */;
}
